
Microsoft Visual Studio Solution File, Format Version 12.00
# Visual Studio 15
VisualStudioVersion = 15.0.26730.10
MinimumVisualStudioVersion = 10.0.40219.1
Project("{8BC9CEB8-8B4A-11D0-8D11-00A0C91BC942}") = "ConvertBaseSkeleton", "ConvertBaseSkeleton\ConvertBaseSkeleton.vcxproj", "{BE53C645-93D0-48B9-BA05-A5F26D30F9C0}"
EndProject
Project("{8BC9CEB8-8B4A-11D0-8D11-00A0C91BC942}") = "UnitTest1", "UnitTest1\UnitTest1.vcxproj", "{800E8A0C-925F-4377-884A-2E038BA239D1}"
	ProjectSection(ProjectDependencies) = postProject
		{BE53C645-93D0-48B9-BA05-A5F26D30F9C0} = {BE53C645-93D0-48B9-BA05-A5F26D30F9C0}
	EndProjectSection
EndProject
Global
	GlobalSection(SolutionConfigurationPlatforms) = preSolution
		Debug|x64 = Debug|x64
		Debug|x86 = Debug|x86
		Release|x64 = Release|x64
		Release|x86 = Release|x86
	EndGlobalSection
	GlobalSection(ProjectConfigurationPlatforms) = postSolution
		{BE53C645-93D0-48B9-BA05-A5F26D30F9C0}.Debug|x64.ActiveCfg = Debug|x64
		{BE53C645-93D0-48B9-BA05-A5F26D30F9C0}.Debug|x64.Build.0 = Debug|x64
		{BE53C645-93D0-48B9-BA05-A5F26D30F9C0}.Debug|x86.ActiveCfg = Debug|Win32
		{BE53C645-93D0-48B9-BA05-A5F26D30F9C0}.Debug|x86.Build.0 = Debug|Win32
		{BE53C645-93D0-48B9-BA05-A5F26D30F9C0}.Release|x64.ActiveCfg = Release|x64
		{BE53C645-93D0-48B9-BA05-A5F26D30F9C0}.Release|x64.Build.0 = Release|x64
		{BE53C645-93D0-48B9-BA05-A5F26D30F9C0}.Release|x86.ActiveCfg = Release|Win32
		{BE53C645-93D0-48B9-BA05-A5F26D30F9C0}.Release|x86.Build.0 = Release|Win32
		{800E8A0C-925F-4377-884A-2E038BA239D1}.Debug|x64.ActiveCfg = Debug|x64
		{800E8A0C-925F-4377-884A-2E038BA239D1}.Debug|x64.Build.0 = Debug|x64
		{800E8A0C-925F-4377-884A-2E038BA239D1}.Debug|x86.ActiveCfg = Debug|Win32
		{800E8A0C-925F-4377-884A-2E038BA239D1}.Debug|x86.Build.0 = Debug|Win32
		{800E8A0C-925F-4377-884A-2E038BA239D1}.Release|x64.ActiveCfg = Release|x64
		{800E8A0C-925F-4377-884A-2E038BA239D1}.Release|x64.Build.0 = Release|x64
		{800E8A0C-925F-4377-884A-2E038BA239D1}.Release|x86.ActiveCfg = Release|Win32
		{800E8A0C-925F-4377-884A-2E038BA239D1}.Release|x86.Build.0 = Release|Win32
	EndGlobalSection
	GlobalSection(SolutionProperties) = preSolution
		HideSolutionNode = FALSE
	EndGlobalSection
	GlobalSection(ExtensibilityGlobals) = postSolution
		SolutionGuid = {1B401B9B-0B69-4AAD-B1BF-6421A3AD8D30}
	EndGlobalSection
EndGlobal
